
Microsoft Visual Studio Solution File, Format Version 12.00
# Visual Studio Version 16
VisualStudioVersion = 16.0.31729.503
MinimumVisualStudioVersion = 10.0.40219.1
Project("{FAE04EC0-301F-11D3-BF4B-00C04F79EFBC}") = "PS2000ARapidBlockMode", "PS2000ARapidBlockMode.csproj", "{F382891E-90FE-40A0-93FE-171FD65FA30A}"
EndProject
Global
	GlobalSection(SolutionConfigurationPlatforms) = preSolution
		Debug|Any CPU = Debug|Any CPU
		Release|Any CPU = Release|Any CPU
	EndGlobalSection
	GlobalSection(ProjectConfigurationPlatforms) = postSolution
		{F382891E-90FE-40A0-93FE-171FD65FA30A}.Debug|Any CPU.ActiveCfg = Debug|Any CPU
		{F382891E-90FE-40A0-93FE-171FD65FA30A}.Debug|Any CPU.Build.0 = Debug|Any CPU
		{F382891E-90FE-40A0-93FE-171FD65FA30A}.Release|Any CPU.ActiveCfg = Release|Any CPU
		{F382891E-90FE-40A0-93FE-171FD65FA30A}.Release|Any CPU.Build.0 = Release|Any CPU
	EndGlobalSection
	GlobalSection(SolutionProperties) = preSolution
		HideSolutionNode = FALSE
	EndGlobalSection
	GlobalSection(ExtensibilityGlobals) = postSolution
		SolutionGuid = {36E1EBC1-049B-4A33-8BCD-1CD5F6A0CC77}
	EndGlobalSection
EndGlobal
