
Microsoft Visual Studio Solution File, Format Version 12.00
# Visual Studio Version 16
VisualStudioVersion = 16.0.31613.86
MinimumVisualStudioVersion = 10.0.40219.1
Project("{FAE04EC0-301F-11D3-BF4B-00C04F79EFBC}") = "PS3000ACSConsole", "PS3000ACSConsole\PS3000ACSConsole.csproj", "{E52F869A-0B20-4161-AE0E-22C55E08B627}"
EndProject
Project("{FAE04EC0-301F-11D3-BF4B-00C04F79EFBC}") = "PS3000ASigGen", "PS3000ASigGen\PS3000ASigGen.csproj", "{793E38DD-D2B9-4798-A33B-9894A68F7ED9}"
EndProject
Project("{9A19103F-16F7-4668-BE54-9A1E7A4F7556}") = "PS3000AEtsBlockModeExample", "PS3000AEtsBlockModeExample\PS3000AEtsBlockModeExample.csproj", "{5E719F54-2E6A-4F49-A20D-BC13A3635FBE}"
EndProject
Project("{9A19103F-16F7-4668-BE54-9A1E7A4F7556}") = "PS3000ABlockMode", "PS3000ABlockMode\PS3000ABlockMode.csproj", "{3D4511D4-08C3-4E56-B39E-849041D04132}"
EndProject
Project("{9A19103F-16F7-4668-BE54-9A1E7A4F7556}") = "PS3000ARapidBlockMode", "PS3000ARapidBlockMode\PS3000ARapidBlockMode.csproj", "{FFA050CE-50D6-4B40-AE6E-15A947C31A0D}"
<<<<<<< HEAD
=======
Project("{9A19103F-16F7-4668-BE54-9A1E7A4F7556}") = "PS3000AEtsBlockModeExample", "PS3000AEtsBlockModeExample\PS3000AEtsBlockModeExample.csproj", "{B748E703-1EAD-4C8B-BBB1-6169723D8DCD}"
EndProject
Project("{9A19103F-16F7-4668-BE54-9A1E7A4F7556}") = "PS3000ARapidBlockMode", "PS3000ARapidBlockMode\PS3000ARapidBlockMode.csproj", "{E92F49FC-549A-4FD8-B419-6C4535C43B16}"
EndProject
Project("{9A19103F-16F7-4668-BE54-9A1E7A4F7556}") = "PS3000ABlockMode", "PS3000ABlockMode\PS3000ABlockMode.csproj", "{61055A95-6203-4DC7-A1B0-01D0D3A8DE14}"
=======
>>>>>>> TSP_172_PS3000A_ETS_Mode_3
EndProject
Global
	GlobalSection(SolutionConfigurationPlatforms) = preSolution
		Debug|x64 = Debug|x64
		Debug|x86 = Debug|x86
		Release|x64 = Release|x64
		Release|x86 = Release|x86
	EndGlobalSection
	GlobalSection(ProjectConfigurationPlatforms) = postSolution
		{E52F869A-0B20-4161-AE0E-22C55E08B627}.Debug|x64.ActiveCfg = Debug|x64
		{E52F869A-0B20-4161-AE0E-22C55E08B627}.Debug|x64.Build.0 = Debug|x64
		{E52F869A-0B20-4161-AE0E-22C55E08B627}.Debug|x86.ActiveCfg = Debug|x86
		{E52F869A-0B20-4161-AE0E-22C55E08B627}.Debug|x86.Build.0 = Debug|x86
		{E52F869A-0B20-4161-AE0E-22C55E08B627}.Release|x64.ActiveCfg = Release|x64
		{E52F869A-0B20-4161-AE0E-22C55E08B627}.Release|x64.Build.0 = Release|x64
		{E52F869A-0B20-4161-AE0E-22C55E08B627}.Release|x86.ActiveCfg = Release|x86
		{E52F869A-0B20-4161-AE0E-22C55E08B627}.Release|x86.Build.0 = Release|x86
		{793E38DD-D2B9-4798-A33B-9894A68F7ED9}.Debug|x64.ActiveCfg = Debug|x64
		{793E38DD-D2B9-4798-A33B-9894A68F7ED9}.Debug|x64.Build.0 = Debug|x64
		{793E38DD-D2B9-4798-A33B-9894A68F7ED9}.Debug|x86.ActiveCfg = Debug|x86
		{793E38DD-D2B9-4798-A33B-9894A68F7ED9}.Debug|x86.Build.0 = Debug|x86
		{793E38DD-D2B9-4798-A33B-9894A68F7ED9}.Release|x64.ActiveCfg = Release|x64
		{793E38DD-D2B9-4798-A33B-9894A68F7ED9}.Release|x64.Build.0 = Release|x64
		{793E38DD-D2B9-4798-A33B-9894A68F7ED9}.Release|x86.ActiveCfg = Release|x86
		{793E38DD-D2B9-4798-A33B-9894A68F7ED9}.Release|x86.Build.0 = Release|x86
		{5E719F54-2E6A-4F49-A20D-BC13A3635FBE}.Debug|x64.ActiveCfg = Debug|x86
		{5E719F54-2E6A-4F49-A20D-BC13A3635FBE}.Debug|x64.Build.0 = Debug|x86
		{5E719F54-2E6A-4F49-A20D-BC13A3635FBE}.Debug|x86.ActiveCfg = Debug|x86
		{5E719F54-2E6A-4F49-A20D-BC13A3635FBE}.Debug|x86.Build.0 = Debug|x86
		{5E719F54-2E6A-4F49-A20D-BC13A3635FBE}.Release|x64.ActiveCfg = Release|Any CPU
		{5E719F54-2E6A-4F49-A20D-BC13A3635FBE}.Release|x64.Build.0 = Release|Any CPU
		{5E719F54-2E6A-4F49-A20D-BC13A3635FBE}.Release|x86.ActiveCfg = Release|Any CPU
		{5E719F54-2E6A-4F49-A20D-BC13A3635FBE}.Release|x86.Build.0 = Release|Any CPU
		{3D4511D4-08C3-4E56-B39E-849041D04132}.Debug|x64.ActiveCfg = Debug|Any CPU
		{3D4511D4-08C3-4E56-B39E-849041D04132}.Debug|x64.Build.0 = Debug|Any CPU
		{3D4511D4-08C3-4E56-B39E-849041D04132}.Debug|x86.ActiveCfg = Debug|Any CPU
		{3D4511D4-08C3-4E56-B39E-849041D04132}.Debug|x86.Build.0 = Debug|Any CPU
		{3D4511D4-08C3-4E56-B39E-849041D04132}.Release|x64.ActiveCfg = Release|Any CPU
		{3D4511D4-08C3-4E56-B39E-849041D04132}.Release|x64.Build.0 = Release|Any CPU
		{3D4511D4-08C3-4E56-B39E-849041D04132}.Release|x86.ActiveCfg = Release|Any CPU
		{3D4511D4-08C3-4E56-B39E-849041D04132}.Release|x86.Build.0 = Release|Any CPU
		{FFA050CE-50D6-4B40-AE6E-15A947C31A0D}.Debug|x64.ActiveCfg = Debug|Any CPU
		{FFA050CE-50D6-4B40-AE6E-15A947C31A0D}.Debug|x64.Build.0 = Debug|Any CPU
		{FFA050CE-50D6-4B40-AE6E-15A947C31A0D}.Debug|x86.ActiveCfg = Debug|Any CPU
		{FFA050CE-50D6-4B40-AE6E-15A947C31A0D}.Debug|x86.Build.0 = Debug|Any CPU
		{FFA050CE-50D6-4B40-AE6E-15A947C31A0D}.Release|x64.ActiveCfg = Release|Any CPU
		{FFA050CE-50D6-4B40-AE6E-15A947C31A0D}.Release|x64.Build.0 = Release|Any CPU
		{FFA050CE-50D6-4B40-AE6E-15A947C31A0D}.Release|x86.ActiveCfg = Release|Any CPU
		{FFA050CE-50D6-4B40-AE6E-15A947C31A0D}.Release|x86.Build.0 = Release|Any CPU
<<<<<<< HEAD
=======
		{B748E703-1EAD-4C8B-BBB1-6169723D8DCD}.Debug|Any CPU.ActiveCfg = Debug|Any CPU
		{B748E703-1EAD-4C8B-BBB1-6169723D8DCD}.Debug|Any CPU.Build.0 = Debug|Any CPU
		{B748E703-1EAD-4C8B-BBB1-6169723D8DCD}.Debug|x64.ActiveCfg = Debug|Any CPU
		{B748E703-1EAD-4C8B-BBB1-6169723D8DCD}.Debug|x64.Build.0 = Debug|Any CPU
		{B748E703-1EAD-4C8B-BBB1-6169723D8DCD}.Debug|x86.ActiveCfg = Debug|Any CPU
		{B748E703-1EAD-4C8B-BBB1-6169723D8DCD}.Debug|x86.Build.0 = Debug|Any CPU
		{B748E703-1EAD-4C8B-BBB1-6169723D8DCD}.Release|Any CPU.ActiveCfg = Release|Any CPU
		{B748E703-1EAD-4C8B-BBB1-6169723D8DCD}.Release|Any CPU.Build.0 = Release|Any CPU
		{B748E703-1EAD-4C8B-BBB1-6169723D8DCD}.Release|x64.ActiveCfg = Release|Any CPU
		{B748E703-1EAD-4C8B-BBB1-6169723D8DCD}.Release|x64.Build.0 = Release|Any CPU
		{B748E703-1EAD-4C8B-BBB1-6169723D8DCD}.Release|x86.ActiveCfg = Release|Any CPU
		{B748E703-1EAD-4C8B-BBB1-6169723D8DCD}.Release|x86.Build.0 = Release|Any CPU
		{E92F49FC-549A-4FD8-B419-6C4535C43B16}.Debug|Any CPU.ActiveCfg = Debug|Any CPU
		{E92F49FC-549A-4FD8-B419-6C4535C43B16}.Debug|Any CPU.Build.0 = Debug|Any CPU
		{E92F49FC-549A-4FD8-B419-6C4535C43B16}.Debug|x64.ActiveCfg = Debug|Any CPU
		{E92F49FC-549A-4FD8-B419-6C4535C43B16}.Debug|x64.Build.0 = Debug|Any CPU
		{E92F49FC-549A-4FD8-B419-6C4535C43B16}.Debug|x86.ActiveCfg = Debug|Any CPU
		{E92F49FC-549A-4FD8-B419-6C4535C43B16}.Debug|x86.Build.0 = Debug|Any CPU
		{E92F49FC-549A-4FD8-B419-6C4535C43B16}.Release|Any CPU.ActiveCfg = Release|Any CPU
		{E92F49FC-549A-4FD8-B419-6C4535C43B16}.Release|Any CPU.Build.0 = Release|Any CPU
		{E92F49FC-549A-4FD8-B419-6C4535C43B16}.Release|x64.ActiveCfg = Release|Any CPU
		{E92F49FC-549A-4FD8-B419-6C4535C43B16}.Release|x64.Build.0 = Release|Any CPU
		{E92F49FC-549A-4FD8-B419-6C4535C43B16}.Release|x86.ActiveCfg = Release|Any CPU
		{E92F49FC-549A-4FD8-B419-6C4535C43B16}.Release|x86.Build.0 = Release|Any CPU
		{61055A95-6203-4DC7-A1B0-01D0D3A8DE14}.Debug|Any CPU.ActiveCfg = Debug|Any CPU
		{61055A95-6203-4DC7-A1B0-01D0D3A8DE14}.Debug|Any CPU.Build.0 = Debug|Any CPU
		{61055A95-6203-4DC7-A1B0-01D0D3A8DE14}.Debug|x64.ActiveCfg = Debug|Any CPU
		{61055A95-6203-4DC7-A1B0-01D0D3A8DE14}.Debug|x64.Build.0 = Debug|Any CPU
		{61055A95-6203-4DC7-A1B0-01D0D3A8DE14}.Debug|x86.ActiveCfg = Debug|Any CPU
		{61055A95-6203-4DC7-A1B0-01D0D3A8DE14}.Debug|x86.Build.0 = Debug|Any CPU
		{61055A95-6203-4DC7-A1B0-01D0D3A8DE14}.Release|Any CPU.ActiveCfg = Release|Any CPU
		{61055A95-6203-4DC7-A1B0-01D0D3A8DE14}.Release|Any CPU.Build.0 = Release|Any CPU
		{61055A95-6203-4DC7-A1B0-01D0D3A8DE14}.Release|x64.ActiveCfg = Release|Any CPU
		{61055A95-6203-4DC7-A1B0-01D0D3A8DE14}.Release|x64.Build.0 = Release|Any CPU
		{61055A95-6203-4DC7-A1B0-01D0D3A8DE14}.Release|x86.ActiveCfg = Release|Any CPU
		{61055A95-6203-4DC7-A1B0-01D0D3A8DE14}.Release|x86.Build.0 = Release|Any CPU
=======
>>>>>>> TSP_172_PS3000A_ETS_Mode_3
	EndGlobalSection
	GlobalSection(SolutionProperties) = preSolution
		HideSolutionNode = FALSE
	EndGlobalSection
	GlobalSection(ExtensibilityGlobals) = postSolution
<<<<<<< HEAD
		SolutionGuid = {3424E64C-8B94-47E4-A853-157793AA5051}
=======
=======
>>>>>>> TSP_172_PS3000A_ETS_Mode_3
		SolutionGuid = {502087CA-3507-4433-96D5-E17ED8291D3E}
	EndGlobalSection
EndGlobal
