
Microsoft Visual Studio Solution File, Format Version 12.00
# Visual Studio Version 17
VisualStudioVersion = 17.2.32526.322
MinimumVisualStudioVersion = 10.0.40219.1
Project("{FAE04EC0-301F-11D3-BF4B-00C04F79EFBC}") = "PS4000ARapidBlockMode", "PS4000ARapidBlockMode.csproj", "{FF05FD6E-02D1-4D2D-9C7B-04FA2BDE4BD4}"
EndProject
Global
	GlobalSection(SolutionConfigurationPlatforms) = preSolution
		Debug|Any CPU = Debug|Any CPU
		Release|Any CPU = Release|Any CPU
	EndGlobalSection
	GlobalSection(ProjectConfigurationPlatforms) = postSolution
		{FF05FD6E-02D1-4D2D-9C7B-04FA2BDE4BD4}.Debug|Any CPU.ActiveCfg = Debug|Any CPU
		{FF05FD6E-02D1-4D2D-9C7B-04FA2BDE4BD4}.Debug|Any CPU.Build.0 = Debug|Any CPU
		{FF05FD6E-02D1-4D2D-9C7B-04FA2BDE4BD4}.Release|Any CPU.ActiveCfg = Release|Any CPU
		{FF05FD6E-02D1-4D2D-9C7B-04FA2BDE4BD4}.Release|Any CPU.Build.0 = Release|Any CPU
	EndGlobalSection
	GlobalSection(SolutionProperties) = preSolution
		HideSolutionNode = FALSE
	EndGlobalSection
	GlobalSection(ExtensibilityGlobals) = postSolution
		SolutionGuid = {362B3962-CD6B-46DD-876F-EC9C92C5C4A4}
	EndGlobalSection
EndGlobal
