
Microsoft Visual Studio Solution File, Format Version 12.00
# Visual Studio Version 16
VisualStudioVersion = 16.0.31729.503
MinimumVisualStudioVersion = 10.0.40219.1
Project("{FAE04EC0-301F-11D3-BF4B-00C04F79EFBC}") = "PS3000AStreamingMode", "PS3000AStreamingMode\PS3000AStreamingMode.csproj", "{DC1AE073-9820-4D44-85A8-0F381C858FCE}"
EndProject
Global
	GlobalSection(SolutionConfigurationPlatforms) = preSolution
		Debug|Any CPU = Debug|Any CPU
		Release|Any CPU = Release|Any CPU
	EndGlobalSection
	GlobalSection(ProjectConfigurationPlatforms) = postSolution
		{DC1AE073-9820-4D44-85A8-0F381C858FCE}.Debug|Any CPU.ActiveCfg = Debug|Any CPU
		{DC1AE073-9820-4D44-85A8-0F381C858FCE}.Debug|Any CPU.Build.0 = Debug|Any CPU
		{DC1AE073-9820-4D44-85A8-0F381C858FCE}.Release|Any CPU.ActiveCfg = Release|Any CPU
		{DC1AE073-9820-4D44-85A8-0F381C858FCE}.Release|Any CPU.Build.0 = Release|Any CPU
	EndGlobalSection
	GlobalSection(SolutionProperties) = preSolution
		HideSolutionNode = FALSE
	EndGlobalSection
	GlobalSection(ExtensibilityGlobals) = postSolution
		SolutionGuid = {774A3FFA-A6B7-4030-B91A-7B317F3396D6}
	EndGlobalSection
EndGlobal
