
Microsoft Visual Studio Solution File, Format Version 12.00
# Visual Studio 15
VisualStudioVersion = 15.0.26403.3
MinimumVisualStudioVersion = 10.0.40219.1
Project("{FAE04EC0-301F-11D3-BF4B-00C04F79EFBC}") = "PS5000ASigGen", "PS5000aSigGen\PS5000ASigGen.csproj", "{793E38DD-D2B9-4798-A33B-9894A68F7ED9}"
EndProject
Project("{FAE04EC0-301F-11D3-BF4B-00C04F79EFBC}") = "PS5000ABlockCapture", "PS5000ABlockCapture\PS5000ABlockCapture.csproj", "{4F428783-F8A0-4553-B2FD-5307FF8FEA45}"
EndProject
Project("{FAE04EC0-301F-11D3-BF4B-00C04F79EFBC}") = "PS5000AStreamingConsole", "PS5000AStreamingConsole\PS5000AStreamingConsole.csproj", "{B0E6F544-8904-4503-80B5-134E9C8D45AC}"
EndProject
Global
	GlobalSection(SolutionConfigurationPlatforms) = preSolution
		Debug|x64 = Debug|x64
		Debug|x86 = Debug|x86
		Release|x64 = Release|x64
		Release|x86 = Release|x86
	EndGlobalSection
	GlobalSection(ProjectConfigurationPlatforms) = postSolution
		{793E38DD-D2B9-4798-A33B-9894A68F7ED9}.Debug|x64.ActiveCfg = Debug|x64
		{793E38DD-D2B9-4798-A33B-9894A68F7ED9}.Debug|x64.Build.0 = Debug|x64
		{793E38DD-D2B9-4798-A33B-9894A68F7ED9}.Debug|x86.ActiveCfg = Debug|x86
		{793E38DD-D2B9-4798-A33B-9894A68F7ED9}.Debug|x86.Build.0 = Debug|x86
		{793E38DD-D2B9-4798-A33B-9894A68F7ED9}.Release|x64.ActiveCfg = Release|x64
		{793E38DD-D2B9-4798-A33B-9894A68F7ED9}.Release|x64.Build.0 = Release|x64
		{793E38DD-D2B9-4798-A33B-9894A68F7ED9}.Release|x86.ActiveCfg = Release|x86
		{793E38DD-D2B9-4798-A33B-9894A68F7ED9}.Release|x86.Build.0 = Release|x86
		{4F428783-F8A0-4553-B2FD-5307FF8FEA45}.Debug|x64.ActiveCfg = Debug|x64
		{4F428783-F8A0-4553-B2FD-5307FF8FEA45}.Debug|x64.Build.0 = Debug|x64
		{4F428783-F8A0-4553-B2FD-5307FF8FEA45}.Debug|x86.ActiveCfg = Debug|x86
		{4F428783-F8A0-4553-B2FD-5307FF8FEA45}.Debug|x86.Build.0 = Debug|x86
		{4F428783-F8A0-4553-B2FD-5307FF8FEA45}.Release|x64.ActiveCfg = Release|x64
		{4F428783-F8A0-4553-B2FD-5307FF8FEA45}.Release|x64.Build.0 = Release|x64
		{4F428783-F8A0-4553-B2FD-5307FF8FEA45}.Release|x86.ActiveCfg = Release|x86
		{4F428783-F8A0-4553-B2FD-5307FF8FEA45}.Release|x86.Build.0 = Release|x86
		{B0E6F544-8904-4503-80B5-134E9C8D45AC}.Debug|x64.ActiveCfg = Debug|x64
		{B0E6F544-8904-4503-80B5-134E9C8D45AC}.Debug|x64.Build.0 = Debug|x64
		{B0E6F544-8904-4503-80B5-134E9C8D45AC}.Debug|x86.ActiveCfg = Debug|x86
		{B0E6F544-8904-4503-80B5-134E9C8D45AC}.Debug|x86.Build.0 = Debug|x86
		{B0E6F544-8904-4503-80B5-134E9C8D45AC}.Release|x64.ActiveCfg = Release|x64
		{B0E6F544-8904-4503-80B5-134E9C8D45AC}.Release|x64.Build.0 = Release|x64
		{B0E6F544-8904-4503-80B5-134E9C8D45AC}.Release|x86.ActiveCfg = Release|x86
		{B0E6F544-8904-4503-80B5-134E9C8D45AC}.Release|x86.Build.0 = Release|x86
	EndGlobalSection
	GlobalSection(SolutionProperties) = preSolution
		HideSolutionNode = FALSE
	EndGlobalSection
EndGlobal
